// !$*UTF8*$!
{
	archiveVersion = 1;
	classes = {
	};
	objectVersion = 55;
	objects = {

/* Begin PBXBuildFile section */
		49E83AFC9DBD1D848AE10193 /* Pods_Parking_Seeker_Parking_SeekerUITests.framework in Frameworks */ = {isa = PBXBuildFile; fileRef = B412AECBE24F9D5A0599A8FC /* Pods_Parking_Seeker_Parking_SeekerUITests.framework */; };
		55CCB62A32F2FD0B7D5D41A7 /* Pods_Parking_Seeker.framework in Frameworks */ = {isa = PBXBuildFile; fileRef = AD481CAEB768EDC6DF4CCF28 /* Pods_Parking_Seeker.framework */; };
		949E6005288B2F3D00C2B5D4 /* OtpViewController.swift in Sources */ = {isa = PBXBuildFile; fileRef = 949E6004288B2F3D00C2B5D4 /* OtpViewController.swift */; };
		CE105BE6289B403300341730 /* ParkingDetailController.swift in Sources */ = {isa = PBXBuildFile; fileRef = CE105BE5289B403300341730 /* ParkingDetailController.swift */; };
		CE2AE9CB2899926A006B8905 /* AboutViewController.swift in Sources */ = {isa = PBXBuildFile; fileRef = CE2AE9CA2899926A006B8905 /* AboutViewController.swift */; };
		CE401ABE289B03DE00129E91 /* PlaceViewCell.swift in Sources */ = {isa = PBXBuildFile; fileRef = CE401ABD289B03DE00129E91 /* PlaceViewCell.swift */; };
		CE417CE12899BC8E00F09654 /* PaymentListController.swift in Sources */ = {isa = PBXBuildFile; fileRef = CE417CE02899BC8E00F09654 /* PaymentListController.swift */; };
		CE6AAF382899D6A20024D33E /* PaymentViewCell.swift in Sources */ = {isa = PBXBuildFile; fileRef = CE6AAF372899D6A20024D33E /* PaymentViewCell.swift */; };
		CE6AAF3A2899E5110024D33E /* AddPaymentController.swift in Sources */ = {isa = PBXBuildFile; fileRef = CE6AAF392899E5110024D33E /* AddPaymentController.swift */; };
		CE88B6F0289C281A00C0C1D9 /* ParkingPassController.swift in Sources */ = {isa = PBXBuildFile; fileRef = CE88B6EF289C281A00C0C1D9 /* ParkingPassController.swift */; };
		CE933D08288B55B200F53F68 /* GoogleService-Info.plist in Resources */ = {isa = PBXBuildFile; fileRef = CE933D07288B55B200F53F68 /* GoogleService-Info.plist */; };
		CE93A8F6288A742400E83A24 /* ChangePasswordController.swift in Sources */ = {isa = PBXBuildFile; fileRef = CE93A8F5288A742400E83A24 /* ChangePasswordController.swift */; };
		CE940771288A91EF0071575F /* LoginViewController.swift in Sources */ = {isa = PBXBuildFile; fileRef = CE940770288A91EF0071575F /* LoginViewController.swift */; };
		CE99FB0D2898BE49008C2ECF /* BookingViewCell.swift in Sources */ = {isa = PBXBuildFile; fileRef = CE99FB0C2898BE49008C2ECF /* BookingViewCell.swift */; };
		CE99FB0F2898D473008C2ECF /* BookingDetailController.swift in Sources */ = {isa = PBXBuildFile; fileRef = CE99FB0E2898D473008C2ECF /* BookingDetailController.swift */; };
		CE99FB112898F3B7008C2ECF /* MyProfileViewController.swift in Sources */ = {isa = PBXBuildFile; fileRef = CE99FB102898F3B7008C2ECF /* MyProfileViewController.swift */; };
		CE99FB13289968F6008C2ECF /* UpdateProfileController.swift in Sources */ = {isa = PBXBuildFile; fileRef = CE99FB12289968F6008C2ECF /* UpdateProfileController.swift */; };
		CE99FB1528998988008C2ECF /* SettingsViewController.swift in Sources */ = {isa = PBXBuildFile; fileRef = CE99FB1428998988008C2ECF /* SettingsViewController.swift */; };
		CEA1AE87288B097100DD579C /* SignUpViewController.swift in Sources */ = {isa = PBXBuildFile; fileRef = CEA1AE86288B097100DD579C /* SignUpViewController.swift */; };
		CEA1AE89288B145500DD579C /* ForgotPasswordController.swift in Sources */ = {isa = PBXBuildFile; fileRef = CEA1AE88288B145500DD579C /* ForgotPasswordController.swift */; };
		CEA5D5522885BE9300043AC4 /* Helper.swift in Sources */ = {isa = PBXBuildFile; fileRef = CEA5D5512885BE9300043AC4 /* Helper.swift */; };
		CEDD7211289998C60069123E /* ContactUsViewController.swift in Sources */ = {isa = PBXBuildFile; fileRef = CEDD7210289998C60069123E /* ContactUsViewController.swift */; };
		CEE89D062874E9D2004AFFBC /* AppDelegate.swift in Sources */ = {isa = PBXBuildFile; fileRef = CEE89D052874E9D2004AFFBC /* AppDelegate.swift */; };
		CEE89D082874E9D2004AFFBC /* SceneDelegate.swift in Sources */ = {isa = PBXBuildFile; fileRef = CEE89D072874E9D2004AFFBC /* SceneDelegate.swift */; };
		CEE89D0D2874E9D2004AFFBC /* Main.storyboard in Resources */ = {isa = PBXBuildFile; fileRef = CEE89D0B2874E9D2004AFFBC /* Main.storyboard */; };
		CEE89D102874E9D2004AFFBC /* Parking_Seeker.xcdatamodeld in Sources */ = {isa = PBXBuildFile; fileRef = CEE89D0E2874E9D2004AFFBC /* Parking_Seeker.xcdatamodeld */; };
		CEE89D122874E9D4004AFFBC /* Assets.xcassets in Resources */ = {isa = PBXBuildFile; fileRef = CEE89D112874E9D4004AFFBC /* Assets.xcassets */; };
		CEE89D152874E9D4004AFFBC /* LaunchScreen.storyboard in Resources */ = {isa = PBXBuildFile; fileRef = CEE89D132874E9D4004AFFBC /* LaunchScreen.storyboard */; };
		CEE89D202874E9D4004AFFBC /* Parking_SeekerTests.swift in Sources */ = {isa = PBXBuildFile; fileRef = CEE89D1F2874E9D4004AFFBC /* Parking_SeekerTests.swift */; };
		CEE89D2A2874E9D4004AFFBC /* Parking_SeekerUITests.swift in Sources */ = {isa = PBXBuildFile; fileRef = CEE89D292874E9D4004AFFBC /* Parking_SeekerUITests.swift */; };
		CEE89D2C2874E9D4004AFFBC /* Parking_SeekerUITestsLaunchTests.swift in Sources */ = {isa = PBXBuildFile; fileRef = CEE89D2B2874E9D4004AFFBC /* Parking_SeekerUITestsLaunchTests.swift */; };
		CEE89D392874EA7C004AFFBC /* WelcomeViewController.swift in Sources */ = {isa = PBXBuildFile; fileRef = CEE89D382874EA7C004AFFBC /* WelcomeViewController.swift */; };
		CEF916902890AA30003BEE6F /* iOSDropDown.framework in Frameworks */ = {isa = PBXBuildFile; fileRef = CEF9168F2890AA30003BEE6F /* iOSDropDown.framework */; };
		CEF98AC828934B4300F7992B /* HomeViewController.swift in Sources */ = {isa = PBXBuildFile; fileRef = CEF98AC728934B4300F7992B /* HomeViewController.swift */; };
		CEF98ACA28938D9C00F7992B /* BookingsViewController.swift in Sources */ = {isa = PBXBuildFile; fileRef = CEF98AC928938D9C00F7992B /* BookingsViewController.swift */; };
		CEF98ACC28938DB100F7992B /* MyAccountController.swift in Sources */ = {isa = PBXBuildFile; fileRef = CEF98ACB28938DB100F7992B /* MyAccountController.swift */; };
		CEF98AD0289390A300F7992B /* TabBarController.swift in Sources */ = {isa = PBXBuildFile; fileRef = CEF98ACF289390A300F7992B /* TabBarController.swift */; };
		CEFFB1B5288B6E4E00238FCD /* AddVehicleController.swift in Sources */ = {isa = PBXBuildFile; fileRef = CEFFB1B4288B6E4E00238FCD /* AddVehicleController.swift */; };
		DE4450DEC9EA013AA9DF1E16 /* Pods_Parking_SeekerTests.framework in Frameworks */ = {isa = PBXBuildFile; fileRef = E6E5A8526BA03FB61B149DC1 /* Pods_Parking_SeekerTests.framework */; };
/* End PBXBuildFile section */

/* Begin PBXContainerItemProxy section */
		CEE89D1C2874E9D4004AFFBC /* PBXContainerItemProxy */ = {
			isa = PBXContainerItemProxy;
			containerPortal = CEE89CFA2874E9D2004AFFBC /* Project object */;
			proxyType = 1;
			remoteGlobalIDString = CEE89D012874E9D2004AFFBC;
			remoteInfo = "Parking Seeker";
		};
		CEE89D262874E9D4004AFFBC /* PBXContainerItemProxy */ = {
			isa = PBXContainerItemProxy;
			containerPortal = CEE89CFA2874E9D2004AFFBC /* Project object */;
			proxyType = 1;
			remoteGlobalIDString = CEE89D012874E9D2004AFFBC;
			remoteInfo = "Parking Seeker";
		};
/* End PBXContainerItemProxy section */

/* Begin PBXFileReference section */
		54F26CC80C01C92A347818F4 /* Pods-Parking SeekerTests.debug.xcconfig */ = {isa = PBXFileReference; includeInIndex = 1; lastKnownFileType = text.xcconfig; name = "Pods-Parking SeekerTests.debug.xcconfig"; path = "Target Support Files/Pods-Parking SeekerTests/Pods-Parking SeekerTests.debug.xcconfig"; sourceTree = "<group>"; };
		63CEE84D02AE177F191971DD /* Pods-Parking SeekerTests.release.xcconfig */ = {isa = PBXFileReference; includeInIndex = 1; lastKnownFileType = text.xcconfig; name = "Pods-Parking SeekerTests.release.xcconfig"; path = "Target Support Files/Pods-Parking SeekerTests/Pods-Parking SeekerTests.release.xcconfig"; sourceTree = "<group>"; };
		63D5BB58338BEDA0A9F9A187 /* Pods-Parking Seeker-Parking SeekerUITests.release.xcconfig */ = {isa = PBXFileReference; includeInIndex = 1; lastKnownFileType = text.xcconfig; name = "Pods-Parking Seeker-Parking SeekerUITests.release.xcconfig"; path = "Target Support Files/Pods-Parking Seeker-Parking SeekerUITests/Pods-Parking Seeker-Parking SeekerUITests.release.xcconfig"; sourceTree = "<group>"; };
		78A7FC977C7D80A5923510AA /* Pods-Parking Seeker.release.xcconfig */ = {isa = PBXFileReference; includeInIndex = 1; lastKnownFileType = text.xcconfig; name = "Pods-Parking Seeker.release.xcconfig"; path = "Target Support Files/Pods-Parking Seeker/Pods-Parking Seeker.release.xcconfig"; sourceTree = "<group>"; };
		949E6004288B2F3D00C2B5D4 /* OtpViewController.swift */ = {isa = PBXFileReference; lastKnownFileType = sourcecode.swift; path = OtpViewController.swift; sourceTree = "<group>"; };
		AD481CAEB768EDC6DF4CCF28 /* Pods_Parking_Seeker.framework */ = {isa = PBXFileReference; explicitFileType = wrapper.framework; includeInIndex = 0; path = Pods_Parking_Seeker.framework; sourceTree = BUILT_PRODUCTS_DIR; };
		B412AECBE24F9D5A0599A8FC /* Pods_Parking_Seeker_Parking_SeekerUITests.framework */ = {isa = PBXFileReference; explicitFileType = wrapper.framework; includeInIndex = 0; path = Pods_Parking_Seeker_Parking_SeekerUITests.framework; sourceTree = BUILT_PRODUCTS_DIR; };
		C2F4576080A0B8304C84535F /* Pods-Parking Seeker.debug.xcconfig */ = {isa = PBXFileReference; includeInIndex = 1; lastKnownFileType = text.xcconfig; name = "Pods-Parking Seeker.debug.xcconfig"; path = "Target Support Files/Pods-Parking Seeker/Pods-Parking Seeker.debug.xcconfig"; sourceTree = "<group>"; };
		CE105BE5289B403300341730 /* ParkingDetailController.swift */ = {isa = PBXFileReference; lastKnownFileType = sourcecode.swift; path = ParkingDetailController.swift; sourceTree = "<group>"; };
		CE2AE9CA2899926A006B8905 /* AboutViewController.swift */ = {isa = PBXFileReference; lastKnownFileType = sourcecode.swift; path = AboutViewController.swift; sourceTree = "<group>"; };
		CE401ABD289B03DE00129E91 /* PlaceViewCell.swift */ = {isa = PBXFileReference; lastKnownFileType = sourcecode.swift; path = PlaceViewCell.swift; sourceTree = "<group>"; };
		CE417CE02899BC8E00F09654 /* PaymentListController.swift */ = {isa = PBXFileReference; lastKnownFileType = sourcecode.swift; path = PaymentListController.swift; sourceTree = "<group>"; };
		CE6AAF372899D6A20024D33E /* PaymentViewCell.swift */ = {isa = PBXFileReference; lastKnownFileType = sourcecode.swift; path = PaymentViewCell.swift; sourceTree = "<group>"; };
		CE6AAF392899E5110024D33E /* AddPaymentController.swift */ = {isa = PBXFileReference; lastKnownFileType = sourcecode.swift; path = AddPaymentController.swift; sourceTree = "<group>"; };
		CE88B6EF289C281A00C0C1D9 /* ParkingPassController.swift */ = {isa = PBXFileReference; lastKnownFileType = sourcecode.swift; path = ParkingPassController.swift; sourceTree = "<group>"; };
		CE933D07288B55B200F53F68 /* GoogleService-Info.plist */ = {isa = PBXFileReference; fileEncoding = 4; lastKnownFileType = text.plist.xml; path = "GoogleService-Info.plist"; sourceTree = "<group>"; };
		CE93A8F5288A742400E83A24 /* ChangePasswordController.swift */ = {isa = PBXFileReference; lastKnownFileType = sourcecode.swift; path = ChangePasswordController.swift; sourceTree = "<group>"; };
		CE940770288A91EF0071575F /* LoginViewController.swift */ = {isa = PBXFileReference; lastKnownFileType = sourcecode.swift; path = LoginViewController.swift; sourceTree = "<group>"; };
		CE99FB0C2898BE49008C2ECF /* BookingViewCell.swift */ = {isa = PBXFileReference; lastKnownFileType = sourcecode.swift; path = BookingViewCell.swift; sourceTree = "<group>"; };
		CE99FB0E2898D473008C2ECF /* BookingDetailController.swift */ = {isa = PBXFileReference; lastKnownFileType = sourcecode.swift; path = BookingDetailController.swift; sourceTree = "<group>"; };
		CE99FB102898F3B7008C2ECF /* MyProfileViewController.swift */ = {isa = PBXFileReference; lastKnownFileType = sourcecode.swift; path = MyProfileViewController.swift; sourceTree = "<group>"; };
		CE99FB12289968F6008C2ECF /* UpdateProfileController.swift */ = {isa = PBXFileReference; lastKnownFileType = sourcecode.swift; path = UpdateProfileController.swift; sourceTree = "<group>"; };
		CE99FB1428998988008C2ECF /* SettingsViewController.swift */ = {isa = PBXFileReference; lastKnownFileType = sourcecode.swift; path = SettingsViewController.swift; sourceTree = "<group>"; };
		CEA1AE86288B097100DD579C /* SignUpViewController.swift */ = {isa = PBXFileReference; lastKnownFileType = sourcecode.swift; path = SignUpViewController.swift; sourceTree = "<group>"; };
		CEA1AE88288B145500DD579C /* ForgotPasswordController.swift */ = {isa = PBXFileReference; lastKnownFileType = sourcecode.swift; path = ForgotPasswordController.swift; sourceTree = "<group>"; };
		CEA5D5512885BE9300043AC4 /* Helper.swift */ = {isa = PBXFileReference; lastKnownFileType = sourcecode.swift; path = Helper.swift; sourceTree = "<group>"; };
		CEDD7210289998C60069123E /* ContactUsViewController.swift */ = {isa = PBXFileReference; lastKnownFileType = sourcecode.swift; path = ContactUsViewController.swift; sourceTree = "<group>"; };
		CEE89D022874E9D2004AFFBC /* Parking Seeker.app */ = {isa = PBXFileReference; explicitFileType = wrapper.application; includeInIndex = 0; path = "Parking Seeker.app"; sourceTree = BUILT_PRODUCTS_DIR; };
		CEE89D052874E9D2004AFFBC /* AppDelegate.swift */ = {isa = PBXFileReference; lastKnownFileType = sourcecode.swift; path = AppDelegate.swift; sourceTree = "<group>"; };
		CEE89D072874E9D2004AFFBC /* SceneDelegate.swift */ = {isa = PBXFileReference; lastKnownFileType = sourcecode.swift; path = SceneDelegate.swift; sourceTree = "<group>"; };
		CEE89D0C2874E9D2004AFFBC /* Base */ = {isa = PBXFileReference; lastKnownFileType = file.storyboard; name = Base; path = Base.lproj/Main.storyboard; sourceTree = "<group>"; };
		CEE89D0F2874E9D2004AFFBC /* Parking_Seeker.xcdatamodel */ = {isa = PBXFileReference; lastKnownFileType = wrapper.xcdatamodel; path = Parking_Seeker.xcdatamodel; sourceTree = "<group>"; };
		CEE89D112874E9D4004AFFBC /* Assets.xcassets */ = {isa = PBXFileReference; lastKnownFileType = folder.assetcatalog; path = Assets.xcassets; sourceTree = "<group>"; };
		CEE89D142874E9D4004AFFBC /* Base */ = {isa = PBXFileReference; lastKnownFileType = file.storyboard; name = Base; path = Base.lproj/LaunchScreen.storyboard; sourceTree = "<group>"; };
		CEE89D162874E9D4004AFFBC /* Info.plist */ = {isa = PBXFileReference; lastKnownFileType = text.plist.xml; path = Info.plist; sourceTree = "<group>"; };
		CEE89D1B2874E9D4004AFFBC /* Parking SeekerTests.xctest */ = {isa = PBXFileReference; explicitFileType = wrapper.cfbundle; includeInIndex = 0; path = "Parking SeekerTests.xctest"; sourceTree = BUILT_PRODUCTS_DIR; };
		CEE89D1F2874E9D4004AFFBC /* Parking_SeekerTests.swift */ = {isa = PBXFileReference; lastKnownFileType = sourcecode.swift; path = Parking_SeekerTests.swift; sourceTree = "<group>"; };
		CEE89D252874E9D4004AFFBC /* Parking SeekerUITests.xctest */ = {isa = PBXFileReference; explicitFileType = wrapper.cfbundle; includeInIndex = 0; path = "Parking SeekerUITests.xctest"; sourceTree = BUILT_PRODUCTS_DIR; };
		CEE89D292874E9D4004AFFBC /* Parking_SeekerUITests.swift */ = {isa = PBXFileReference; lastKnownFileType = sourcecode.swift; path = Parking_SeekerUITests.swift; sourceTree = "<group>"; };
		CEE89D2B2874E9D4004AFFBC /* Parking_SeekerUITestsLaunchTests.swift */ = {isa = PBXFileReference; lastKnownFileType = sourcecode.swift; path = Parking_SeekerUITestsLaunchTests.swift; sourceTree = "<group>"; };
		CEE89D382874EA7C004AFFBC /* WelcomeViewController.swift */ = {isa = PBXFileReference; lastKnownFileType = sourcecode.swift; path = WelcomeViewController.swift; sourceTree = "<group>"; };
		CEF9168F2890AA30003BEE6F /* iOSDropDown.framework */ = {isa = PBXFileReference; explicitFileType = wrapper.framework; path = iOSDropDown.framework; sourceTree = BUILT_PRODUCTS_DIR; };
		CEF98AC728934B4300F7992B /* HomeViewController.swift */ = {isa = PBXFileReference; lastKnownFileType = sourcecode.swift; path = HomeViewController.swift; sourceTree = "<group>"; };
		CEF98AC928938D9C00F7992B /* BookingsViewController.swift */ = {isa = PBXFileReference; lastKnownFileType = sourcecode.swift; path = BookingsViewController.swift; sourceTree = "<group>"; };
		CEF98ACB28938DB100F7992B /* MyAccountController.swift */ = {isa = PBXFileReference; lastKnownFileType = sourcecode.swift; path = MyAccountController.swift; sourceTree = "<group>"; };
		CEF98ACF289390A300F7992B /* TabBarController.swift */ = {isa = PBXFileReference; lastKnownFileType = sourcecode.swift; path = TabBarController.swift; sourceTree = "<group>"; };
		CEFFB1B4288B6E4E00238FCD /* AddVehicleController.swift */ = {isa = PBXFileReference; lastKnownFileType = sourcecode.swift; path = AddVehicleController.swift; sourceTree = "<group>"; };
		DE68FA0E1655D7A305F50FFC /* Pods-Parking Seeker-Parking SeekerUITests.debug.xcconfig */ = {isa = PBXFileReference; includeInIndex = 1; lastKnownFileType = text.xcconfig; name = "Pods-Parking Seeker-Parking SeekerUITests.debug.xcconfig"; path = "Target Support Files/Pods-Parking Seeker-Parking SeekerUITests/Pods-Parking Seeker-Parking SeekerUITests.debug.xcconfig"; sourceTree = "<group>"; };
		E6E5A8526BA03FB61B149DC1 /* Pods_Parking_SeekerTests.framework */ = {isa = PBXFileReference; explicitFileType = wrapper.framework; includeInIndex = 0; path = Pods_Parking_SeekerTests.framework; sourceTree = BUILT_PRODUCTS_DIR; };
/* End PBXFileReference section */

/* Begin PBXFrameworksBuildPhase section */
		CEE89CFF2874E9D2004AFFBC /* Frameworks */ = {
			isa = PBXFrameworksBuildPhase;
			buildActionMask = 2147483647;
			files = (
				CEF916902890AA30003BEE6F /* iOSDropDown.framework in Frameworks */,
				55CCB62A32F2FD0B7D5D41A7 /* Pods_Parking_Seeker.framework in Frameworks */,
			);
			runOnlyForDeploymentPostprocessing = 0;
		};
		CEE89D182874E9D4004AFFBC /* Frameworks */ = {
			isa = PBXFrameworksBuildPhase;
			buildActionMask = 2147483647;
			files = (
				DE4450DEC9EA013AA9DF1E16 /* Pods_Parking_SeekerTests.framework in Frameworks */,
			);
			runOnlyForDeploymentPostprocessing = 0;
		};
		CEE89D222874E9D4004AFFBC /* Frameworks */ = {
			isa = PBXFrameworksBuildPhase;
			buildActionMask = 2147483647;
			files = (
				49E83AFC9DBD1D848AE10193 /* Pods_Parking_Seeker_Parking_SeekerUITests.framework in Frameworks */,
			);
			runOnlyForDeploymentPostprocessing = 0;
		};
/* End PBXFrameworksBuildPhase section */

/* Begin PBXGroup section */
		473448B0728E9A21AA875DA5 /* Pods */ = {
			isa = PBXGroup;
			children = (
				C2F4576080A0B8304C84535F /* Pods-Parking Seeker.debug.xcconfig */,
				78A7FC977C7D80A5923510AA /* Pods-Parking Seeker.release.xcconfig */,
				DE68FA0E1655D7A305F50FFC /* Pods-Parking Seeker-Parking SeekerUITests.debug.xcconfig */,
				63D5BB58338BEDA0A9F9A187 /* Pods-Parking Seeker-Parking SeekerUITests.release.xcconfig */,
				54F26CC80C01C92A347818F4 /* Pods-Parking SeekerTests.debug.xcconfig */,
				63CEE84D02AE177F191971DD /* Pods-Parking SeekerTests.release.xcconfig */,
			);
			path = Pods;
			sourceTree = "<group>";
		};
		CE99FB0B2898BE1B008C2ECF /* Cells */ = {
			isa = PBXGroup;
			children = (
				CE99FB0C2898BE49008C2ECF /* BookingViewCell.swift */,
				CE6AAF372899D6A20024D33E /* PaymentViewCell.swift */,
				CE401ABD289B03DE00129E91 /* PlaceViewCell.swift */,
			);
			path = Cells;
			sourceTree = "<group>";
		};
		CEA367D4289D7EB90083EC77 /* ViewControllers */ = {
			isa = PBXGroup;
			children = (
				CEE89D382874EA7C004AFFBC /* WelcomeViewController.swift */,
				CE93A8F5288A742400E83A24 /* ChangePasswordController.swift */,
				CEA1AE86288B097100DD579C /* SignUpViewController.swift */,
				CEA1AE88288B145500DD579C /* ForgotPasswordController.swift */,
				CE940770288A91EF0071575F /* LoginViewController.swift */,
				949E6004288B2F3D00C2B5D4 /* OtpViewController.swift */,
				CEFFB1B4288B6E4E00238FCD /* AddVehicleController.swift */,
				CEF98ACF289390A300F7992B /* TabBarController.swift */,
				CEF98AC728934B4300F7992B /* HomeViewController.swift */,
				CE105BE5289B403300341730 /* ParkingDetailController.swift */,
				CEF98AC928938D9C00F7992B /* BookingsViewController.swift */,
				CE99FB0E2898D473008C2ECF /* BookingDetailController.swift */,
				CEF98ACB28938DB100F7992B /* MyAccountController.swift */,
				CE99FB102898F3B7008C2ECF /* MyProfileViewController.swift */,
				CE99FB12289968F6008C2ECF /* UpdateProfileController.swift */,
				CE99FB1428998988008C2ECF /* SettingsViewController.swift */,
				CE2AE9CA2899926A006B8905 /* AboutViewController.swift */,
				CEDD7210289998C60069123E /* ContactUsViewController.swift */,
				CE417CE02899BC8E00F09654 /* PaymentListController.swift */,
				CE88B6EF289C281A00C0C1D9 /* ParkingPassController.swift */,
				CE6AAF392899E5110024D33E /* AddPaymentController.swift */,
			);
			path = ViewControllers;
			sourceTree = "<group>";
		};
		CEA367D5289D7F150083EC77 /* Helper */ = {
			isa = PBXGroup;
			children = (
				CEA5D5512885BE9300043AC4 /* Helper.swift */,
			);
			path = Helper;
			sourceTree = "<group>";
		};
		CEE89CF92874E9D2004AFFBC = {
			isa = PBXGroup;
			children = (
				CEE89D042874E9D2004AFFBC /* Parking Seeker */,
				CEE89D1E2874E9D4004AFFBC /* Parking SeekerTests */,
				CEE89D282874E9D4004AFFBC /* Parking SeekerUITests */,
				CEE89D032874E9D2004AFFBC /* Products */,
				473448B0728E9A21AA875DA5 /* Pods */,
				D4DF9ECE66B347146AF90305 /* Frameworks */,
			);
			sourceTree = "<group>";
		};
		CEE89D032874E9D2004AFFBC /* Products */ = {
			isa = PBXGroup;
			children = (
				CEE89D022874E9D2004AFFBC /* Parking Seeker.app */,
				CEE89D1B2874E9D4004AFFBC /* Parking SeekerTests.xctest */,
				CEE89D252874E9D4004AFFBC /* Parking SeekerUITests.xctest */,
			);
			name = Products;
			sourceTree = "<group>";
		};
		CEE89D042874E9D2004AFFBC /* Parking Seeker */ = {
			isa = PBXGroup;
			children = (
				CEA367D5289D7F150083EC77 /* Helper */,
				CEA367D4289D7EB90083EC77 /* ViewControllers */,
				CE99FB0B2898BE1B008C2ECF /* Cells */,
				CEE89D052874E9D2004AFFBC /* AppDelegate.swift */,
				CEE89D072874E9D2004AFFBC /* SceneDelegate.swift */,
				CEE89D0B2874E9D2004AFFBC /* Main.storyboard */,
				CE933D07288B55B200F53F68 /* GoogleService-Info.plist */,
				CEE89D112874E9D4004AFFBC /* Assets.xcassets */,
				CEE89D132874E9D4004AFFBC /* LaunchScreen.storyboard */,
				CEE89D162874E9D4004AFFBC /* Info.plist */,
				CEE89D0E2874E9D2004AFFBC /* Parking_Seeker.xcdatamodeld */,
			);
			path = "Parking Seeker";
			sourceTree = "<group>";
		};
		CEE89D1E2874E9D4004AFFBC /* Parking SeekerTests */ = {
			isa = PBXGroup;
			children = (
				CEE89D1F2874E9D4004AFFBC /* Parking_SeekerTests.swift */,
			);
			path = "Parking SeekerTests";
			sourceTree = "<group>";
		};
		CEE89D282874E9D4004AFFBC /* Parking SeekerUITests */ = {
			isa = PBXGroup;
			children = (
				CEE89D292874E9D4004AFFBC /* Parking_SeekerUITests.swift */,
				CEE89D2B2874E9D4004AFFBC /* Parking_SeekerUITestsLaunchTests.swift */,
			);
			path = "Parking SeekerUITests";
			sourceTree = "<group>";
		};
		D4DF9ECE66B347146AF90305 /* Frameworks */ = {
			isa = PBXGroup;
			children = (
				CEF9168F2890AA30003BEE6F /* iOSDropDown.framework */,
				AD481CAEB768EDC6DF4CCF28 /* Pods_Parking_Seeker.framework */,
				B412AECBE24F9D5A0599A8FC /* Pods_Parking_Seeker_Parking_SeekerUITests.framework */,
				E6E5A8526BA03FB61B149DC1 /* Pods_Parking_SeekerTests.framework */,
			);
			name = Frameworks;
			sourceTree = "<group>";
		};
/* End PBXGroup section */

/* Begin PBXNativeTarget section */
		CEE89D012874E9D2004AFFBC /* Parking Seeker */ = {
			isa = PBXNativeTarget;
			buildConfigurationList = CEE89D2F2874E9D4004AFFBC /* Build configuration list for PBXNativeTarget "Parking Seeker" */;
			buildPhases = (
				26C2666C4811BFB43A62806D /* [CP] Check Pods Manifest.lock */,
				CEE89CFE2874E9D2004AFFBC /* Sources */,
				CEE89CFF2874E9D2004AFFBC /* Frameworks */,
				CEE89D002874E9D2004AFFBC /* Resources */,
				E0B3BA886A483D88C9297D0A /* [CP] Embed Pods Frameworks */,
				AC0EB7DE87F5A5CB93693F01 /* [CP] Copy Pods Resources */,
			);
			buildRules = (
			);
			dependencies = (
			);
			name = "Parking Seeker";
			productName = "Parking Seeker";
			productReference = CEE89D022874E9D2004AFFBC /* Parking Seeker.app */;
			productType = "com.apple.product-type.application";
		};
		CEE89D1A2874E9D4004AFFBC /* Parking SeekerTests */ = {
			isa = PBXNativeTarget;
			buildConfigurationList = CEE89D322874E9D4004AFFBC /* Build configuration list for PBXNativeTarget "Parking SeekerTests" */;
			buildPhases = (
				473965C77FC9B946D0D71311 /* [CP] Check Pods Manifest.lock */,
				CEE89D172874E9D4004AFFBC /* Sources */,
				CEE89D182874E9D4004AFFBC /* Frameworks */,
				CEE89D192874E9D4004AFFBC /* Resources */,
			);
			buildRules = (
			);
			dependencies = (
				CEE89D1D2874E9D4004AFFBC /* PBXTargetDependency */,
			);
			name = "Parking SeekerTests";
			productName = "Parking SeekerTests";
			productReference = CEE89D1B2874E9D4004AFFBC /* Parking SeekerTests.xctest */;
			productType = "com.apple.product-type.bundle.unit-test";
		};
		CEE89D242874E9D4004AFFBC /* Parking SeekerUITests */ = {
			isa = PBXNativeTarget;
			buildConfigurationList = CEE89D352874E9D4004AFFBC /* Build configuration list for PBXNativeTarget "Parking SeekerUITests" */;
			buildPhases = (
				A0F7BE72E4C349FC00FA89FD /* [CP] Check Pods Manifest.lock */,
				CEE89D212874E9D4004AFFBC /* Sources */,
				CEE89D222874E9D4004AFFBC /* Frameworks */,
				CEE89D232874E9D4004AFFBC /* Resources */,
				8A796E7C1C0EF7832B48AD25 /* [CP] Embed Pods Frameworks */,
				C0581E81C8D60790104F2080 /* [CP] Copy Pods Resources */,
			);
			buildRules = (
			);
			dependencies = (
				CEE89D272874E9D4004AFFBC /* PBXTargetDependency */,
			);
			name = "Parking SeekerUITests";
			productName = "Parking SeekerUITests";
			productReference = CEE89D252874E9D4004AFFBC /* Parking SeekerUITests.xctest */;
			productType = "com.apple.product-type.bundle.ui-testing";
		};
/* End PBXNativeTarget section */

/* Begin PBXProject section */
		CEE89CFA2874E9D2004AFFBC /* Project object */ = {
			isa = PBXProject;
			attributes = {
				BuildIndependentTargetsInParallel = 1;
				LastSwiftUpdateCheck = 1300;
				LastUpgradeCheck = 1300;
				TargetAttributes = {
					CEE89D012874E9D2004AFFBC = {
						CreatedOnToolsVersion = 13.0;
					};
					CEE89D1A2874E9D4004AFFBC = {
						CreatedOnToolsVersion = 13.0;
						TestTargetID = CEE89D012874E9D2004AFFBC;
					};
					CEE89D242874E9D4004AFFBC = {
						CreatedOnToolsVersion = 13.0;
						TestTargetID = CEE89D012874E9D2004AFFBC;
					};
				};
			};
			buildConfigurationList = CEE89CFD2874E9D2004AFFBC /* Build configuration list for PBXProject "Parking Seeker" */;
			compatibilityVersion = "Xcode 13.0";
			developmentRegion = en;
			hasScannedForEncodings = 0;
			knownRegions = (
				en,
				Base,
			);
			mainGroup = CEE89CF92874E9D2004AFFBC;
			productRefGroup = CEE89D032874E9D2004AFFBC /* Products */;
			projectDirPath = "";
			projectRoot = "";
			targets = (
				CEE89D012874E9D2004AFFBC /* Parking Seeker */,
				CEE89D1A2874E9D4004AFFBC /* Parking SeekerTests */,
				CEE89D242874E9D4004AFFBC /* Parking SeekerUITests */,
			);
		};
/* End PBXProject section */

/* Begin PBXResourcesBuildPhase section */
		CEE89D002874E9D2004AFFBC /* Resources */ = {
			isa = PBXResourcesBuildPhase;
			buildActionMask = 2147483647;
			files = (
				CEE89D152874E9D4004AFFBC /* LaunchScreen.storyboard in Resources */,
				CE933D08288B55B200F53F68 /* GoogleService-Info.plist in Resources */,
				CEE89D122874E9D4004AFFBC /* Assets.xcassets in Resources */,
				CEE89D0D2874E9D2004AFFBC /* Main.storyboard in Resources */,
			);
			runOnlyForDeploymentPostprocessing = 0;
		};
		CEE89D192874E9D4004AFFBC /* Resources */ = {
			isa = PBXResourcesBuildPhase;
			buildActionMask = 2147483647;
			files = (
			);
			runOnlyForDeploymentPostprocessing = 0;
		};
		CEE89D232874E9D4004AFFBC /* Resources */ = {
			isa = PBXResourcesBuildPhase;
			buildActionMask = 2147483647;
			files = (
			);
			runOnlyForDeploymentPostprocessing = 0;
		};
/* End PBXResourcesBuildPhase section */

/* Begin PBXShellScriptBuildPhase section */
		26C2666C4811BFB43A62806D /* [CP] Check Pods Manifest.lock */ = {
			isa = PBXShellScriptBuildPhase;
			buildActionMask = 2147483647;
			files = (
			);
			inputFileListPaths = (
			);
			inputPaths = (
				"${PODS_PODFILE_DIR_PATH}/Podfile.lock",
				"${PODS_ROOT}/Manifest.lock",
			);
			name = "[CP] Check Pods Manifest.lock";
			outputFileListPaths = (
			);
			outputPaths = (
				"$(DERIVED_FILE_DIR)/Pods-Parking Seeker-checkManifestLockResult.txt",
			);
			runOnlyForDeploymentPostprocessing = 0;
			shellPath = /bin/sh;
			shellScript = "diff \"${PODS_PODFILE_DIR_PATH}/Podfile.lock\" \"${PODS_ROOT}/Manifest.lock\" > /dev/null\nif [ $? != 0 ] ; then\n    # print error to STDERR\n    echo \"error: The sandbox is not in sync with the Podfile.lock. Run 'pod install' or update your CocoaPods installation.\" >&2\n    exit 1\nfi\n# This output is used by Xcode 'outputs' to avoid re-running this script phase.\necho \"SUCCESS\" > \"${SCRIPT_OUTPUT_FILE_0}\"\n";
			showEnvVarsInLog = 0;
		};
		473965C77FC9B946D0D71311 /* [CP] Check Pods Manifest.lock */ = {
			isa = PBXShellScriptBuildPhase;
			buildActionMask = 2147483647;
			files = (
			);
			inputFileListPaths = (
			);
			inputPaths = (
				"${PODS_PODFILE_DIR_PATH}/Podfile.lock",
				"${PODS_ROOT}/Manifest.lock",
			);
			name = "[CP] Check Pods Manifest.lock";
			outputFileListPaths = (
			);
			outputPaths = (
				"$(DERIVED_FILE_DIR)/Pods-Parking SeekerTests-checkManifestLockResult.txt",
			);
			runOnlyForDeploymentPostprocessing = 0;
			shellPath = /bin/sh;
			shellScript = "diff \"${PODS_PODFILE_DIR_PATH}/Podfile.lock\" \"${PODS_ROOT}/Manifest.lock\" > /dev/null\nif [ $? != 0 ] ; then\n    # print error to STDERR\n    echo \"error: The sandbox is not in sync with the Podfile.lock. Run 'pod install' or update your CocoaPods installation.\" >&2\n    exit 1\nfi\n# This output is used by Xcode 'outputs' to avoid re-running this script phase.\necho \"SUCCESS\" > \"${SCRIPT_OUTPUT_FILE_0}\"\n";
			showEnvVarsInLog = 0;
		};
		8A796E7C1C0EF7832B48AD25 /* [CP] Embed Pods Frameworks */ = {
			isa = PBXShellScriptBuildPhase;
			buildActionMask = 2147483647;
			files = (
			);
			inputFileListPaths = (
				"${PODS_ROOT}/Target Support Files/Pods-Parking Seeker-Parking SeekerUITests/Pods-Parking Seeker-Parking SeekerUITests-frameworks-${CONFIGURATION}-input-files.xcfilelist",
			);
			name = "[CP] Embed Pods Frameworks";
			outputFileListPaths = (
				"${PODS_ROOT}/Target Support Files/Pods-Parking Seeker-Parking SeekerUITests/Pods-Parking Seeker-Parking SeekerUITests-frameworks-${CONFIGURATION}-output-files.xcfilelist",
			);
			runOnlyForDeploymentPostprocessing = 0;
			shellPath = /bin/sh;
			shellScript = "\"${PODS_ROOT}/Target Support Files/Pods-Parking Seeker-Parking SeekerUITests/Pods-Parking Seeker-Parking SeekerUITests-frameworks.sh\"\n";
			showEnvVarsInLog = 0;
		};
		A0F7BE72E4C349FC00FA89FD /* [CP] Check Pods Manifest.lock */ = {
			isa = PBXShellScriptBuildPhase;
			buildActionMask = 2147483647;
			files = (
			);
			inputFileListPaths = (
			);
			inputPaths = (
				"${PODS_PODFILE_DIR_PATH}/Podfile.lock",
				"${PODS_ROOT}/Manifest.lock",
			);
			name = "[CP] Check Pods Manifest.lock";
			outputFileListPaths = (
			);
			outputPaths = (
				"$(DERIVED_FILE_DIR)/Pods-Parking Seeker-Parking SeekerUITests-checkManifestLockResult.txt",
			);
			runOnlyForDeploymentPostprocessing = 0;
			shellPath = /bin/sh;
			shellScript = "diff \"${PODS_PODFILE_DIR_PATH}/Podfile.lock\" \"${PODS_ROOT}/Manifest.lock\" > /dev/null\nif [ $? != 0 ] ; then\n    # print error to STDERR\n    echo \"error: The sandbox is not in sync with the Podfile.lock. Run 'pod install' or update your CocoaPods installation.\" >&2\n    exit 1\nfi\n# This output is used by Xcode 'outputs' to avoid re-running this script phase.\necho \"SUCCESS\" > \"${SCRIPT_OUTPUT_FILE_0}\"\n";
			showEnvVarsInLog = 0;
		};
		AC0EB7DE87F5A5CB93693F01 /* [CP] Copy Pods Resources */ = {
			isa = PBXShellScriptBuildPhase;
			buildActionMask = 2147483647;
			files = (
			);
			inputFileListPaths = (
				"${PODS_ROOT}/Target Support Files/Pods-Parking Seeker/Pods-Parking Seeker-resources-${CONFIGURATION}-input-files.xcfilelist",
			);
			name = "[CP] Copy Pods Resources";
			outputFileListPaths = (
				"${PODS_ROOT}/Target Support Files/Pods-Parking Seeker/Pods-Parking Seeker-resources-${CONFIGURATION}-output-files.xcfilelist",
			);
			runOnlyForDeploymentPostprocessing = 0;
			shellPath = /bin/sh;
			shellScript = "\"${PODS_ROOT}/Target Support Files/Pods-Parking Seeker/Pods-Parking Seeker-resources.sh\"\n";
			showEnvVarsInLog = 0;
		};
		C0581E81C8D60790104F2080 /* [CP] Copy Pods Resources */ = {
			isa = PBXShellScriptBuildPhase;
			buildActionMask = 2147483647;
			files = (
			);
			inputFileListPaths = (
				"${PODS_ROOT}/Target Support Files/Pods-Parking Seeker-Parking SeekerUITests/Pods-Parking Seeker-Parking SeekerUITests-resources-${CONFIGURATION}-input-files.xcfilelist",
			);
			name = "[CP] Copy Pods Resources";
			outputFileListPaths = (
				"${PODS_ROOT}/Target Support Files/Pods-Parking Seeker-Parking SeekerUITests/Pods-Parking Seeker-Parking SeekerUITests-resources-${CONFIGURATION}-output-files.xcfilelist",
			);
			runOnlyForDeploymentPostprocessing = 0;
			shellPath = /bin/sh;
			shellScript = "\"${PODS_ROOT}/Target Support Files/Pods-Parking Seeker-Parking SeekerUITests/Pods-Parking Seeker-Parking SeekerUITests-resources.sh\"\n";
			showEnvVarsInLog = 0;
		};
		E0B3BA886A483D88C9297D0A /* [CP] Embed Pods Frameworks */ = {
			isa = PBXShellScriptBuildPhase;
			buildActionMask = 2147483647;
			files = (
			);
			inputFileListPaths = (
				"${PODS_ROOT}/Target Support Files/Pods-Parking Seeker/Pods-Parking Seeker-frameworks-${CONFIGURATION}-input-files.xcfilelist",
			);
			name = "[CP] Embed Pods Frameworks";
			outputFileListPaths = (
				"${PODS_ROOT}/Target Support Files/Pods-Parking Seeker/Pods-Parking Seeker-frameworks-${CONFIGURATION}-output-files.xcfilelist",
			);
			runOnlyForDeploymentPostprocessing = 0;
			shellPath = /bin/sh;
			shellScript = "\"${PODS_ROOT}/Target Support Files/Pods-Parking Seeker/Pods-Parking Seeker-frameworks.sh\"\n";
			showEnvVarsInLog = 0;
		};
/* End PBXShellScriptBuildPhase section */

/* Begin PBXSourcesBuildPhase section */
		CEE89CFE2874E9D2004AFFBC /* Sources */ = {
			isa = PBXSourcesBuildPhase;
			buildActionMask = 2147483647;
			files = (
				CE99FB13289968F6008C2ECF /* UpdateProfileController.swift in Sources */,
				949E6005288B2F3D00C2B5D4 /* OtpViewController.swift in Sources */,
				CE401ABE289B03DE00129E91 /* PlaceViewCell.swift in Sources */,
				CEF98ACC28938DB100F7992B /* MyAccountController.swift in Sources */,
				CE2AE9CB2899926A006B8905 /* AboutViewController.swift in Sources */,
				CE88B6F0289C281A00C0C1D9 /* ParkingPassController.swift in Sources */,
				CE99FB1528998988008C2ECF /* SettingsViewController.swift in Sources */,
				CE940771288A91EF0071575F /* LoginViewController.swift in Sources */,
				CEF98AD0289390A300F7992B /* TabBarController.swift in Sources */,
				CE99FB0D2898BE49008C2ECF /* BookingViewCell.swift in Sources */,
				CE105BE6289B403300341730 /* ParkingDetailController.swift in Sources */,
				CEE89D102874E9D2004AFFBC /* Parking_Seeker.xcdatamodeld in Sources */,
				CEA1AE87288B097100DD579C /* SignUpViewController.swift in Sources */,
				CEFFB1B5288B6E4E00238FCD /* AddVehicleController.swift in Sources */,
				CEF98ACA28938D9C00F7992B /* BookingsViewController.swift in Sources */,
				CEE89D392874EA7C004AFFBC /* WelcomeViewController.swift in Sources */,
				CE417CE12899BC8E00F09654 /* PaymentListController.swift in Sources */,
				CEA1AE89288B145500DD579C /* ForgotPasswordController.swift in Sources */,
				CE93A8F6288A742400E83A24 /* ChangePasswordController.swift in Sources */,
				CE99FB112898F3B7008C2ECF /* MyProfileViewController.swift in Sources */,
				CE6AAF382899D6A20024D33E /* PaymentViewCell.swift in Sources */,
				CEA5D5522885BE9300043AC4 /* Helper.swift in Sources */,
				CEE89D062874E9D2004AFFBC /* AppDelegate.swift in Sources */,
				CE99FB0F2898D473008C2ECF /* BookingDetailController.swift in Sources */,
				CEE89D082874E9D2004AFFBC /* SceneDelegate.swift in Sources */,
				CEF98AC828934B4300F7992B /* HomeViewController.swift in Sources */,
				CE6AAF3A2899E5110024D33E /* AddPaymentController.swift in Sources */,
				CEDD7211289998C60069123E /* ContactUsViewController.swift in Sources */,
			);
			runOnlyForDeploymentPostprocessing = 0;
		};
		CEE89D172874E9D4004AFFBC /* Sources */ = {
			isa = PBXSourcesBuildPhase;
			buildActionMask = 2147483647;
			files = (
				CEE89D202874E9D4004AFFBC /* Parking_SeekerTests.swift in Sources */,
			);
			runOnlyForDeploymentPostprocessing = 0;
		};
		CEE89D212874E9D4004AFFBC /* Sources */ = {
			isa = PBXSourcesBuildPhase;
			buildActionMask = 2147483647;
			files = (
				CEE89D2C2874E9D4004AFFBC /* Parking_SeekerUITestsLaunchTests.swift in Sources */,
				CEE89D2A2874E9D4004AFFBC /* Parking_SeekerUITests.swift in Sources */,
			);
			runOnlyForDeploymentPostprocessing = 0;
		};
/* End PBXSourcesBuildPhase section */

/* Begin PBXTargetDependency section */
		CEE89D1D2874E9D4004AFFBC /* PBXTargetDependency */ = {
			isa = PBXTargetDependency;
			target = CEE89D012874E9D2004AFFBC /* Parking Seeker */;
			targetProxy = CEE89D1C2874E9D4004AFFBC /* PBXContainerItemProxy */;
		};
		CEE89D272874E9D4004AFFBC /* PBXTargetDependency */ = {
			isa = PBXTargetDependency;
			target = CEE89D012874E9D2004AFFBC /* Parking Seeker */;
			targetProxy = CEE89D262874E9D4004AFFBC /* PBXContainerItemProxy */;
		};
/* End PBXTargetDependency section */

/* Begin PBXVariantGroup section */
		CEE89D0B2874E9D2004AFFBC /* Main.storyboard */ = {
			isa = PBXVariantGroup;
			children = (
				CEE89D0C2874E9D2004AFFBC /* Base */,
			);
			name = Main.storyboard;
			sourceTree = "<group>";
		};
		CEE89D132874E9D4004AFFBC /* LaunchScreen.storyboard */ = {
			isa = PBXVariantGroup;
			children = (
				CEE89D142874E9D4004AFFBC /* Base */,
			);
			name = LaunchScreen.storyboard;
			sourceTree = "<group>";
		};
/* End PBXVariantGroup section */

/* Begin XCBuildConfiguration section */
		CEE89D2D2874E9D4004AFFBC /* Debug */ = {
			isa = XCBuildConfiguration;
			buildSettings = {
				ALWAYS_SEARCH_USER_PATHS = NO;
				CLANG_ANALYZER_NONNULL = YES;
				CLANG_ANALYZER_NUMBER_OBJECT_CONVERSION = YES_AGGRESSIVE;
				CLANG_CXX_LANGUAGE_STANDARD = "gnu++17";
				CLANG_CXX_LIBRARY = "libc++";
				CLANG_ENABLE_MODULES = YES;
				CLANG_ENABLE_OBJC_ARC = YES;
				CLANG_ENABLE_OBJC_WEAK = YES;
				CLANG_WARN_BLOCK_CAPTURE_AUTORELEASING = YES;
				CLANG_WARN_BOOL_CONVERSION = YES;
				CLANG_WARN_COMMA = YES;
				CLANG_WARN_CONSTANT_CONVERSION = YES;
				CLANG_WARN_DEPRECATED_OBJC_IMPLEMENTATIONS = YES;
				CLANG_WARN_DIRECT_OBJC_ISA_USAGE = YES_ERROR;
				CLANG_WARN_DOCUMENTATION_COMMENTS = YES;
				CLANG_WARN_EMPTY_BODY = YES;
				CLANG_WARN_ENUM_CONVERSION = YES;
				CLANG_WARN_INFINITE_RECURSION = YES;
				CLANG_WARN_INT_CONVERSION = YES;
				CLANG_WARN_NON_LITERAL_NULL_CONVERSION = YES;
				CLANG_WARN_OBJC_IMPLICIT_RETAIN_SELF = YES;
				CLANG_WARN_OBJC_LITERAL_CONVERSION = YES;
				CLANG_WARN_OBJC_ROOT_CLASS = YES_ERROR;
				CLANG_WARN_QUOTED_INCLUDE_IN_FRAMEWORK_HEADER = YES;
				CLANG_WARN_RANGE_LOOP_ANALYSIS = YES;
				CLANG_WARN_STRICT_PROTOTYPES = YES;
				CLANG_WARN_SUSPICIOUS_MOVE = YES;
				CLANG_WARN_UNGUARDED_AVAILABILITY = YES_AGGRESSIVE;
				CLANG_WARN_UNREACHABLE_CODE = YES;
				CLANG_WARN__DUPLICATE_METHOD_MATCH = YES;
				COPY_PHASE_STRIP = NO;
				DEBUG_INFORMATION_FORMAT = dwarf;
				ENABLE_STRICT_OBJC_MSGSEND = YES;
				ENABLE_TESTABILITY = YES;
				GCC_C_LANGUAGE_STANDARD = gnu11;
				GCC_DYNAMIC_NO_PIC = NO;
				GCC_NO_COMMON_BLOCKS = YES;
				GCC_OPTIMIZATION_LEVEL = 0;
				GCC_PREPROCESSOR_DEFINITIONS = (
					"DEBUG=1",
					"$(inherited)",
				);
				GCC_WARN_64_TO_32_BIT_CONVERSION = YES;
				GCC_WARN_ABOUT_RETURN_TYPE = YES_ERROR;
				GCC_WARN_UNDECLARED_SELECTOR = YES;
				GCC_WARN_UNINITIALIZED_AUTOS = YES_AGGRESSIVE;
				GCC_WARN_UNUSED_FUNCTION = YES;
				GCC_WARN_UNUSED_VARIABLE = YES;
				IPHONEOS_DEPLOYMENT_TARGET = 15.0;
				MTL_ENABLE_DEBUG_INFO = INCLUDE_SOURCE;
				MTL_FAST_MATH = YES;
				ONLY_ACTIVE_ARCH = YES;
				SDKROOT = iphoneos;
				SWIFT_ACTIVE_COMPILATION_CONDITIONS = DEBUG;
				SWIFT_OPTIMIZATION_LEVEL = "-Onone";
			};
			name = Debug;
		};
		CEE89D2E2874E9D4004AFFBC /* Release */ = {
			isa = XCBuildConfiguration;
			buildSettings = {
				ALWAYS_SEARCH_USER_PATHS = NO;
				CLANG_ANALYZER_NONNULL = YES;
				CLANG_ANALYZER_NUMBER_OBJECT_CONVERSION = YES_AGGRESSIVE;
				CLANG_CXX_LANGUAGE_STANDARD = "gnu++17";
				CLANG_CXX_LIBRARY = "libc++";
				CLANG_ENABLE_MODULES = YES;
				CLANG_ENABLE_OBJC_ARC = YES;
				CLANG_ENABLE_OBJC_WEAK = YES;
				CLANG_WARN_BLOCK_CAPTURE_AUTORELEASING = YES;
				CLANG_WARN_BOOL_CONVERSION = YES;
				CLANG_WARN_COMMA = YES;
				CLANG_WARN_CONSTANT_CONVERSION = YES;
				CLANG_WARN_DEPRECATED_OBJC_IMPLEMENTATIONS = YES;
				CLANG_WARN_DIRECT_OBJC_ISA_USAGE = YES_ERROR;
				CLANG_WARN_DOCUMENTATION_COMMENTS = YES;
				CLANG_WARN_EMPTY_BODY = YES;
				CLANG_WARN_ENUM_CONVERSION = YES;
				CLANG_WARN_INFINITE_RECURSION = YES;
				CLANG_WARN_INT_CONVERSION = YES;
				CLANG_WARN_NON_LITERAL_NULL_CONVERSION = YES;
				CLANG_WARN_OBJC_IMPLICIT_RETAIN_SELF = YES;
				CLANG_WARN_OBJC_LITERAL_CONVERSION = YES;
				CLANG_WARN_OBJC_ROOT_CLASS = YES_ERROR;
				CLANG_WARN_QUOTED_INCLUDE_IN_FRAMEWORK_HEADER = YES;
				CLANG_WARN_RANGE_LOOP_ANALYSIS = YES;
				CLANG_WARN_STRICT_PROTOTYPES = YES;
				CLANG_WARN_SUSPICIOUS_MOVE = YES;
				CLANG_WARN_UNGUARDED_AVAILABILITY = YES_AGGRESSIVE;
				CLANG_WARN_UNREACHABLE_CODE = YES;
				CLANG_WARN__DUPLICATE_METHOD_MATCH = YES;
				COPY_PHASE_STRIP = NO;
				DEBUG_INFORMATION_FORMAT = "dwarf-with-dsym";
				ENABLE_NS_ASSERTIONS = NO;
				ENABLE_STRICT_OBJC_MSGSEND = YES;
				GCC_C_LANGUAGE_STANDARD = gnu11;
				GCC_NO_COMMON_BLOCKS = YES;
				GCC_WARN_64_TO_32_BIT_CONVERSION = YES;
				GCC_WARN_ABOUT_RETURN_TYPE = YES_ERROR;
				GCC_WARN_UNDECLARED_SELECTOR = YES;
				GCC_WARN_UNINITIALIZED_AUTOS = YES_AGGRESSIVE;
				GCC_WARN_UNUSED_FUNCTION = YES;
				GCC_WARN_UNUSED_VARIABLE = YES;
				IPHONEOS_DEPLOYMENT_TARGET = 15.0;
				MTL_ENABLE_DEBUG_INFO = NO;
				MTL_FAST_MATH = YES;
				SDKROOT = iphoneos;
				SWIFT_COMPILATION_MODE = wholemodule;
				SWIFT_OPTIMIZATION_LEVEL = "-O";
				VALIDATE_PRODUCT = YES;
			};
			name = Release;
		};
		CEE89D302874E9D4004AFFBC /* Debug */ = {
			isa = XCBuildConfiguration;
			baseConfigurationReference = C2F4576080A0B8304C84535F /* Pods-Parking Seeker.debug.xcconfig */;
			buildSettings = {
				ASSETCATALOG_COMPILER_APPICON_NAME = AppIcon;
				ASSETCATALOG_COMPILER_GLOBAL_ACCENT_COLOR_NAME = AccentColor;
				CODE_SIGN_STYLE = Automatic;
				CURRENT_PROJECT_VERSION = 1;
				DEVELOPMENT_TEAM = 8SXUKZ9Y7C;
				GENERATE_INFOPLIST_FILE = YES;
				INFOPLIST_FILE = "Parking Seeker/Info.plist";
				INFOPLIST_KEY_UIApplicationSupportsIndirectInputEvents = YES;
				INFOPLIST_KEY_UILaunchStoryboardName = LaunchScreen;
				INFOPLIST_KEY_UIMainStoryboardFile = Main;
				INFOPLIST_KEY_UISupportedInterfaceOrientations_iPad = "UIInterfaceOrientationPortrait UIInterfaceOrientationPortraitUpsideDown UIInterfaceOrientationLandscapeLeft UIInterfaceOrientationLandscapeRight";
				INFOPLIST_KEY_UISupportedInterfaceOrientations_iPhone = "UIInterfaceOrientationPortrait UIInterfaceOrientationLandscapeLeft UIInterfaceOrientationLandscapeRight";
				LD_RUNPATH_SEARCH_PATHS = (
					"$(inherited)",
					"@executable_path/Frameworks",
				);
				MARKETING_VERSION = 1.0;
				PRODUCT_BUNDLE_IDENTIFIER = "com.parth.Parking-Seeker";
				PRODUCT_NAME = "$(TARGET_NAME)";
				SWIFT_EMIT_LOC_STRINGS = YES;
				SWIFT_VERSION = 5.0;
				TARGETED_DEVICE_FAMILY = "1,2";
				VALIDATE_WORKSPACE = YES;
			};
			name = Debug;
		};
		CEE89D312874E9D4004AFFBC /* Release */ = {
			isa = XCBuildConfiguration;
			baseConfigurationReference = 78A7FC977C7D80A5923510AA /* Pods-Parking Seeker.release.xcconfig */;
			buildSettings = {
				ASSETCATALOG_COMPILER_APPICON_NAME = AppIcon;
				ASSETCATALOG_COMPILER_GLOBAL_ACCENT_COLOR_NAME = AccentColor;
				CODE_SIGN_STYLE = Automatic;
				CURRENT_PROJECT_VERSION = 1;
				DEVELOPMENT_TEAM = 8SXUKZ9Y7C;
				GENERATE_INFOPLIST_FILE = YES;
				INFOPLIST_FILE = "Parking Seeker/Info.plist";
				INFOPLIST_KEY_UIApplicationSupportsIndirectInputEvents = YES;
				INFOPLIST_KEY_UILaunchStoryboardName = LaunchScreen;
				INFOPLIST_KEY_UIMainStoryboardFile = Main;
				INFOPLIST_KEY_UISupportedInterfaceOrientations_iPad = "UIInterfaceOrientationPortrait UIInterfaceOrientationPortraitUpsideDown UIInterfaceOrientationLandscapeLeft UIInterfaceOrientationLandscapeRight";
				INFOPLIST_KEY_UISupportedInterfaceOrientations_iPhone = "UIInterfaceOrientationPortrait UIInterfaceOrientationLandscapeLeft UIInterfaceOrientationLandscapeRight";
				LD_RUNPATH_SEARCH_PATHS = (
					"$(inherited)",
					"@executable_path/Frameworks",
				);
				MARKETING_VERSION = 1.0;
				PRODUCT_BUNDLE_IDENTIFIER = "com.parth.Parking-Seeker";
				PRODUCT_NAME = "$(TARGET_NAME)";
				SWIFT_EMIT_LOC_STRINGS = YES;
				SWIFT_VERSION = 5.0;
				TARGETED_DEVICE_FAMILY = "1,2";
				VALIDATE_WORKSPACE = YES;
			};
			name = Release;
		};
		CEE89D332874E9D4004AFFBC /* Debug */ = {
			isa = XCBuildConfiguration;
			baseConfigurationReference = 54F26CC80C01C92A347818F4 /* Pods-Parking SeekerTests.debug.xcconfig */;
			buildSettings = {
				ALWAYS_EMBED_SWIFT_STANDARD_LIBRARIES = YES;
				BUNDLE_LOADER = "$(TEST_HOST)";
				CODE_SIGN_STYLE = Automatic;
				CURRENT_PROJECT_VERSION = 1;
				DEVELOPMENT_TEAM = 8SXUKZ9Y7C;
				GENERATE_INFOPLIST_FILE = YES;
				IPHONEOS_DEPLOYMENT_TARGET = 15.0;
				LD_RUNPATH_SEARCH_PATHS = (
					"$(inherited)",
					"@executable_path/Frameworks",
					"@loader_path/Frameworks",
				);
				MARKETING_VERSION = 1.0;
				PRODUCT_BUNDLE_IDENTIFIER = "com.parth.Parking-SeekerTests";
				PRODUCT_NAME = "$(TARGET_NAME)";
				SWIFT_EMIT_LOC_STRINGS = NO;
				SWIFT_VERSION = 5.0;
				TARGETED_DEVICE_FAMILY = "1,2";
				TEST_HOST = "$(BUILT_PRODUCTS_DIR)/Parking Seeker.app/Parking Seeker";
			};
			name = Debug;
		};
		CEE89D342874E9D4004AFFBC /* Release */ = {
			isa = XCBuildConfiguration;
			baseConfigurationReference = 63CEE84D02AE177F191971DD /* Pods-Parking SeekerTests.release.xcconfig */;
			buildSettings = {
				ALWAYS_EMBED_SWIFT_STANDARD_LIBRARIES = YES;
				BUNDLE_LOADER = "$(TEST_HOST)";
				CODE_SIGN_STYLE = Automatic;
				CURRENT_PROJECT_VERSION = 1;
				DEVELOPMENT_TEAM = 8SXUKZ9Y7C;
				GENERATE_INFOPLIST_FILE = YES;
				IPHONEOS_DEPLOYMENT_TARGET = 15.0;
				LD_RUNPATH_SEARCH_PATHS = (
					"$(inherited)",
					"@executable_path/Frameworks",
					"@loader_path/Frameworks",
				);
				MARKETING_VERSION = 1.0;
				PRODUCT_BUNDLE_IDENTIFIER = "com.parth.Parking-SeekerTests";
				PRODUCT_NAME = "$(TARGET_NAME)";
				SWIFT_EMIT_LOC_STRINGS = NO;
				SWIFT_VERSION = 5.0;
				TARGETED_DEVICE_FAMILY = "1,2";
				TEST_HOST = "$(BUILT_PRODUCTS_DIR)/Parking Seeker.app/Parking Seeker";
			};
			name = Release;
		};
		CEE89D362874E9D4004AFFBC /* Debug */ = {
			isa = XCBuildConfiguration;
			baseConfigurationReference = DE68FA0E1655D7A305F50FFC /* Pods-Parking Seeker-Parking SeekerUITests.debug.xcconfig */;
			buildSettings = {
				ALWAYS_EMBED_SWIFT_STANDARD_LIBRARIES = YES;
				CODE_SIGN_STYLE = Automatic;
				CURRENT_PROJECT_VERSION = 1;
				DEVELOPMENT_TEAM = 8SXUKZ9Y7C;
				GENERATE_INFOPLIST_FILE = YES;
				LD_RUNPATH_SEARCH_PATHS = (
					"$(inherited)",
					"@executable_path/Frameworks",
					"@loader_path/Frameworks",
				);
				MARKETING_VERSION = 1.0;
				PRODUCT_BUNDLE_IDENTIFIER = "com.parth.Parking-SeekerUITests";
				PRODUCT_NAME = "$(TARGET_NAME)";
				SWIFT_EMIT_LOC_STRINGS = NO;
				SWIFT_VERSION = 5.0;
				TARGETED_DEVICE_FAMILY = "1,2";
				TEST_TARGET_NAME = "Parking Seeker";
			};
			name = Debug;
		};
		CEE89D372874E9D4004AFFBC /* Release */ = {
			isa = XCBuildConfiguration;
			baseConfigurationReference = 63D5BB58338BEDA0A9F9A187 /* Pods-Parking Seeker-Parking SeekerUITests.release.xcconfig */;
			buildSettings = {
				ALWAYS_EMBED_SWIFT_STANDARD_LIBRARIES = YES;
				CODE_SIGN_STYLE = Automatic;
				CURRENT_PROJECT_VERSION = 1;
				DEVELOPMENT_TEAM = 8SXUKZ9Y7C;
				GENERATE_INFOPLIST_FILE = YES;
				LD_RUNPATH_SEARCH_PATHS = (
					"$(inherited)",
					"@executable_path/Frameworks",
					"@loader_path/Frameworks",
				);
				MARKETING_VERSION = 1.0;
				PRODUCT_BUNDLE_IDENTIFIER = "com.parth.Parking-SeekerUITests";
				PRODUCT_NAME = "$(TARGET_NAME)";
				SWIFT_EMIT_LOC_STRINGS = NO;
				SWIFT_VERSION = 5.0;
				TARGETED_DEVICE_FAMILY = "1,2";
				TEST_TARGET_NAME = "Parking Seeker";
			};
			name = Release;
		};
/* End XCBuildConfiguration section */

/* Begin XCConfigurationList section */
		CEE89CFD2874E9D2004AFFBC /* Build configuration list for PBXProject "Parking Seeker" */ = {
			isa = XCConfigurationList;
			buildConfigurations = (
				CEE89D2D2874E9D4004AFFBC /* Debug */,
				CEE89D2E2874E9D4004AFFBC /* Release */,
			);
			defaultConfigurationIsVisible = 0;
			defaultConfigurationName = Release;
		};
		CEE89D2F2874E9D4004AFFBC /* Build configuration list for PBXNativeTarget "Parking Seeker" */ = {
			isa = XCConfigurationList;
			buildConfigurations = (
				CEE89D302874E9D4004AFFBC /* Debug */,
				CEE89D312874E9D4004AFFBC /* Release */,
			);
			defaultConfigurationIsVisible = 0;
			defaultConfigurationName = Release;
		};
		CEE89D322874E9D4004AFFBC /* Build configuration list for PBXNativeTarget "Parking SeekerTests" */ = {
			isa = XCConfigurationList;
			buildConfigurations = (
				CEE89D332874E9D4004AFFBC /* Debug */,
				CEE89D342874E9D4004AFFBC /* Release */,
			);
			defaultConfigurationIsVisible = 0;
			defaultConfigurationName = Release;
		};
		CEE89D352874E9D4004AFFBC /* Build configuration list for PBXNativeTarget "Parking SeekerUITests" */ = {
			isa = XCConfigurationList;
			buildConfigurations = (
				CEE89D362874E9D4004AFFBC /* Debug */,
				CEE89D372874E9D4004AFFBC /* Release */,
			);
			defaultConfigurationIsVisible = 0;
			defaultConfigurationName = Release;
		};
/* End XCConfigurationList section */

/* Begin XCVersionGroup section */
		CEE89D0E2874E9D2004AFFBC /* Parking_Seeker.xcdatamodeld */ = {
			isa = XCVersionGroup;
			children = (
				CEE89D0F2874E9D2004AFFBC /* Parking_Seeker.xcdatamodel */,
			);
			currentVersion = CEE89D0F2874E9D2004AFFBC /* Parking_Seeker.xcdatamodel */;
			path = Parking_Seeker.xcdatamodeld;
			sourceTree = "<group>";
			versionGroupType = wrapper.xcdatamodel;
		};
/* End XCVersionGroup section */
	};
	rootObject = CEE89CFA2874E9D2004AFFBC /* Project object */;
}
